github.com/G-Research/opentsdb-goclient v0.0.0-20191028155047-1a0d357f6ca7 h1:LCY7S5FtlqIWHXV0HBX4yGMelG7DCZX90gSPD1TrmqU=
github.com/G-Research/opentsdb-goclient v0.0.0-20191028155047-1a0d357f6ca7/go.mod h1:oVqXUYMDThF8Uz8WH3f80BlB7+Y5BV4wDtqQ06e4m7g=
github.com/G-Research/opentsdb-goclient v0.0.0-20191210204552-9a5d3f5d556d/go.mod h1:oVqXUYMDThF8Uz8WH3f80BlB7+Y5BV4wDtqQ06e4m7g=
